PODS:
  - CPOpenSourceLicenses (1.1.0)
  - GoogleMaps (2.7.0):
    - GoogleMaps/Maps (= 2.7.0)
  - GoogleMaps/Base (2.7.0)
  - GoogleMaps/Maps (2.7.0):
    - GoogleMaps/Base
  - GooglePlaces (2.7.0):
    - GoogleMaps/Base (= 2.7.0)
  - SnapKit (4.0.1)

DEPENDENCIES:
  - CPOpenSourceLicenses
  - GoogleMaps
  - GooglePlaces
  - SnapKit

SPEC REPOS:
  https://github.com/cocoapods/specs.git:
    - CPOpenSourceLicenses
    - GoogleMaps
    - GooglePlaces
    - SnapKit

SPEC CHECKSUMS:
  CPOpenSourceLicenses: 36f959fc7e2ded3a51342d94fdac89d4cf08f216
  GoogleMaps: f79af95cb24d869457b1f961c93d3ce8b2f3b848
  GooglePlaces: 3d06e6c99654545b4738ce49648745779c25f2ef
  SnapKit: 0de968a9fec17499afa29683b05d0c775b6d1c29

PODFILE CHECKSUM: f72d5daa21aa97573998f6c8d2e224f0f9a8efc8

COCOAPODS: 1.5.3
